
Microsoft Visual Studio Solution File, Format Version 12.00
# Visual Studio Version 17
VisualStudioVersion = 17.3.32929.385
MinimumVisualStudioVersion = 10.0.40219.1
Project("{888888A0-9F3D-457C-B088-3A5042F75D52}") = "GeolocatIonIntegration", "GeolocatIonIntegration.pyproj", "{FD95FE32-5556-4995-8B6A-3245D942F992}"
EndProject
Global
	GlobalSection(SolutionConfigurationPlatforms) = preSolution
		Debug|Any CPU = Debug|Any CPU
		Release|Any CPU = Release|Any CPU
	EndGlobalSection
	GlobalSection(ProjectConfigurationPlatforms) = postSolution
		{FD95FE32-5556-4995-8B6A-3245D942F992}.Debug|Any CPU.ActiveCfg = Debug|Any CPU
		{FD95FE32-5556-4995-8B6A-3245D942F992}.Release|Any CPU.ActiveCfg = Release|Any CPU
	EndGlobalSection
	GlobalSection(SolutionProperties) = preSolution
		HideSolutionNode = FALSE
	EndGlobalSection
	GlobalSection(ExtensibilityGlobals) = postSolution
		SolutionGuid = {034B6C81-9515-4C6E-AE0E-D39D24CEC1CB}
	EndGlobalSection
EndGlobal
